Microsoft Visual Studio Solution File, Format Version 12.00
# Visual Studio Version 17
VisualStudioVersion = 17.5.2.0
MinimumVisualStudioVersion = 10.0.40219.1
Project("{FAE04EC0-301F-11D3-BF4B-00C04F79EFBC}") = "GestionTareasApi", "GestionTareasApi.csproj", "{D21BD89A-0298-224B-CF4E-609810080508}"
EndProject
Global
	GlobalSection(SolutionConfigurationPlatforms) = preSolution
		Debug|Any CPU = Debug|Any CPU
		Release|Any CPU = Release|Any CPU
	EndGlobalSection
	GlobalSection(ProjectConfigurationPlatforms) = postSolution
		{D21BD89A-0298-224B-CF4E-609810080508}.Debug|Any CPU.ActiveCfg = Debug|Any CPU
		{D21BD89A-0298-224B-CF4E-609810080508}.Debug|Any CPU.Build.0 = Debug|Any CPU
		{D21BD89A-0298-224B-CF4E-609810080508}.Release|Any CPU.ActiveCfg = Release|Any CPU
		{D21BD89A-0298-224B-CF4E-609810080508}.Release|Any CPU.Build.0 = Release|Any CPU
	EndGlobalSection
	GlobalSection(SolutionProperties) = preSolution
		HideSolutionNode = FALSE
	EndGlobalSection
	GlobalSection(ExtensibilityGlobals) = postSolution
		SolutionGuid = {0ED2A0E9-671D-427F-951C-4A323ECA14A1}
	EndGlobalSection
EndGlobal
